// !$*UTF8*$!
{
	archiveVersion = 1;
	classes = {
	};
	objectVersion = 46;
	objects = {

/* Begin PBXBuildFile section */
		CA06BB2F1CF43E0B00D40F8A /* Fraction.m in Sources */ = {isa = PBXBuildFile; fileRef = CA06BB2E1CF43E0B00D40F8A /* Fraction.m */; };
		CA06BB321CF43F2300D40F8A /* Calculator.m in Sources */ = {isa = PBXBuildFile; fileRef = CA06BB311CF43F2300D40F8A /* Calculator.m */; };
		CA36372E1CF3EDB7001ADA3B /* main.m in Sources */ = {isa = PBXBuildFile; fileRef = CA36372D1CF3EDB7001ADA3B /* main.m */; };
		CAFD8F6D1CF67D9C00E1B2CF /* ClassA.m in Sources */ = {isa = PBXBuildFile; fileRef = CAFD8F6C1CF67D9C00E1B2CF /* ClassA.m */; };
		CAFD8F701CF67E0300E1B2CF /* ClassB.m in Sources */ = {isa = PBXBuildFile; fileRef = CAFD8F6F1CF67E0300E1B2CF /* ClassB.m */; };
		CAFD8F731CF68D9100E1B2CF /* Rectangle.m in Sources */ = {isa = PBXBuildFile; fileRef = CAFD8F721CF68D9100E1B2CF /* Rectangle.m */; };
		CAFD8F761CF6909700E1B2CF /* Square.m in Sources */ = {isa = PBXBuildFile; fileRef = CAFD8F751CF6909700E1B2CF /* Square.m */; };
		CAFD8F7C1CF6991800E1B2CF /* XYPoint.m in Sources */ = {isa = PBXBuildFile; fileRef = CAFD8F7B1CF6991800E1B2CF /* XYPoint.m */; };
		CAFD8F7F1CF6B3BF00E1B2CF /* ClassC.m in Sources */ = {isa = PBXBuildFile; fileRef = CAFD8F7E1CF6B3BF00E1B2CF /* ClassC.m */; };
		CAFD8F821CF6B3CD00E1B2CF /* ClassD.m in Sources */ = {isa = PBXBuildFile; fileRef = CAFD8F811CF6B3CD00E1B2CF /* ClassD.m */; };
/* End PBXBuildFile section */

/* Begin PBXCopyFilesBuildPhase section */
		CA3637281CF3EDB7001ADA3B /* CopyFiles */ = {
			isa = PBXCopyFilesBuildPhase;
			buildActionMask = 2147483647;
			dstPath = /usr/share/man/man1/;
			dstSubfolderSpec = 0;
			files = (
			);
			runOnlyForDeploymentPostprocessing = 1;
		};
/* End PBXCopyFilesBuildPhase section */

/* Begin PBXFileReference section */
		CA06BB2D1CF43DDD00D40F8A /* Fraction.h */ = {isa = PBXFileReference; lastKnownFileType = sourcecode.c.h; path = Fraction.h; sourceTree = "<group>"; };
		CA06BB2E1CF43E0B00D40F8A /* Fraction.m */ = {isa = PBXFileReference; fileEncoding = 4; lastKnownFileType = sourcecode.c.objc; path = Fraction.m; sourceTree = "<group>"; };
		CA06BB301CF43F2300D40F8A /* Calculator.h */ = {isa = PBXFileReference; fileEncoding = 4; lastKnownFileType = sourcecode.c.h; path = Calculator.h; sourceTree = "<group>"; };
		CA06BB311CF43F2300D40F8A /* Calculator.m */ = {isa = PBXFileReference; fileEncoding = 4; lastKnownFileType = sourcecode.c.objc; path = Calculator.m; sourceTree = "<group>"; };
		CA36372A1CF3EDB7001ADA3B /* ObjC */ = {isa = PBXFileReference; explicitFileType = "compiled.mach-o.executable"; includeInIndex = 0; path = ObjC; sourceTree = BUILT_PRODUCTS_DIR; };
		CA36372D1CF3EDB7001ADA3B /* main.m */ = {isa = PBXFileReference; lastKnownFileType = sourcecode.c.objc; path = main.m; sourceTree = "<group>"; };
		CAFD8F6B1CF67D9C00E1B2CF /* ClassA.h */ = {isa = PBXFileReference; fileEncoding = 4; lastKnownFileType = sourcecode.c.h; path = ClassA.h; sourceTree = "<group>"; };
		CAFD8F6C1CF67D9C00E1B2CF /* ClassA.m */ = {isa = PBXFileReference; fileEncoding = 4; lastKnownFileType = sourcecode.c.objc; path = ClassA.m; sourceTree = "<group>"; };
		CAFD8F6E1CF67E0300E1B2CF /* ClassB.h */ = {isa = PBXFileReference; fileEncoding = 4; lastKnownFileType = sourcecode.c.h; path = ClassB.h; sourceTree = "<group>"; };
		CAFD8F6F1CF67E0300E1B2CF /* ClassB.m */ = {isa = PBXFileReference; fileEncoding = 4; lastKnownFileType = sourcecode.c.objc; path = ClassB.m; sourceTree = "<group>"; };
		CAFD8F711CF68D9100E1B2CF /* Rectangle.h */ = {isa = PBXFileReference; fileEncoding = 4; lastKnownFileType = sourcecode.c.h; path = Rectangle.h; sourceTree = "<group>"; };
		CAFD8F721CF68D9100E1B2CF /* Rectangle.m */ = {isa = PBXFileReference; fileEncoding = 4; lastKnownFileType = sourcecode.c.objc; path = Rectangle.m; sourceTree = "<group>"; };
		CAFD8F741CF6909700E1B2CF /* Square.h */ = {isa = PBXFileReference; fileEncoding = 4; lastKnownFileType = sourcecode.c.h; path = Square.h; sourceTree = "<group>"; };
		CAFD8F751CF6909700E1B2CF /* Square.m */ = {isa = PBXFileReference; fileEncoding = 4; lastKnownFileType = sourcecode.c.objc; path = Square.m; sourceTree = "<group>"; };
		CAFD8F7A1CF6991800E1B2CF /* XYPoint.h */ = {isa = PBXFileReference; fileEncoding = 4; lastKnownFileType = sourcecode.c.h; path = XYPoint.h; sourceTree = "<group>"; };
		CAFD8F7B1CF6991800E1B2CF /* XYPoint.m */ = {isa = PBXFileReference; fileEncoding = 4; lastKnownFileType = sourcecode.c.objc; path = XYPoint.m; sourceTree = "<group>"; };
		CAFD8F7D1CF6B3BF00E1B2CF /* ClassC.h */ = {isa = PBXFileReference; fileEncoding = 4; lastKnownFileType = sourcecode.c.h; path = ClassC.h; sourceTree = "<group>"; };
		CAFD8F7E1CF6B3BF00E1B2CF /* ClassC.m */ = {isa = PBXFileReference; fileEncoding = 4; lastKnownFileType = sourcecode.c.objc; path = ClassC.m; sourceTree = "<group>"; };
		CAFD8F801CF6B3CD00E1B2CF /* ClassD.h */ = {isa = PBXFileReference; fileEncoding = 4; lastKnownFileType = sourcecode.c.h; path = ClassD.h; sourceTree = "<group>"; };
		CAFD8F811CF6B3CD00E1B2CF /* ClassD.m */ = {isa = PBXFileReference; fileEncoding = 4; lastKnownFileType = sourcecode.c.objc; path = ClassD.m; sourceTree = "<group>"; };
/* End PBXFileReference section */

/* Begin PBXFrameworksBuildPhase section */
		CA3637271CF3EDB7001ADA3B /* Frameworks */ = {
			isa = PBXFrameworksBuildPhase;
			buildActionMask = 2147483647;
			files = (
			);
			runOnlyForDeploymentPostprocessing = 0;
		};
/* End PBXFrameworksBuildPhase section */

/* Begin PBXGroup section */
		CA3637211CF3EDB7001ADA3B = {
			isa = PBXGroup;
			children = (
				CA36372C1CF3EDB7001ADA3B /* ObjC */,
				CA36372B1CF3EDB7001ADA3B /* Products */,
			);
			sourceTree = "<group>";
		};
		CA36372B1CF3EDB7001ADA3B /* Products */ = {
			isa = PBXGroup;
			children = (
				CA36372A1CF3EDB7001ADA3B /* ObjC */,
			);
			name = Products;
			sourceTree = "<group>";
		};
		CA36372C1CF3EDB7001ADA3B /* ObjC */ = {
			isa = PBXGroup;
			children = (
				CA36372D1CF3EDB7001ADA3B /* main.m */,
				CAFD8F741CF6909700E1B2CF /* Square.h */,
				CAFD8F751CF6909700E1B2CF /* Square.m */,
				CAFD8F6E1CF67E0300E1B2CF /* ClassB.h */,
				CAFD8F6F1CF67E0300E1B2CF /* ClassB.m */,
				CAFD8F711CF68D9100E1B2CF /* Rectangle.h */,
				CAFD8F721CF68D9100E1B2CF /* Rectangle.m */,
				CA06BB2D1CF43DDD00D40F8A /* Fraction.h */,
				CA06BB2E1CF43E0B00D40F8A /* Fraction.m */,
				CA06BB301CF43F2300D40F8A /* Calculator.h */,
				CA06BB311CF43F2300D40F8A /* Calculator.m */,
				CAFD8F6B1CF67D9C00E1B2CF /* ClassA.h */,
				CAFD8F7D1CF6B3BF00E1B2CF /* ClassC.h */,
				CAFD8F7E1CF6B3BF00E1B2CF /* ClassC.m */,
				CAFD8F801CF6B3CD00E1B2CF /* ClassD.h */,
				CAFD8F811CF6B3CD00E1B2CF /* ClassD.m */,
				CAFD8F6C1CF67D9C00E1B2CF /* ClassA.m */,
				CAFD8F7A1CF6991800E1B2CF /* XYPoint.h */,
				CAFD8F7B1CF6991800E1B2CF /* XYPoint.m */,
			);
			path = ObjC;
			sourceTree = "<group>";
		};
/* End PBXGroup section */

/* Begin PBXNativeTarget section */
		CA3637291CF3EDB7001ADA3B /* ObjC */ = {
			isa = PBXNativeTarget;
			buildConfigurationList = CA3637311CF3EDB7001ADA3B /* Build configuration list for PBXNativeTarget "ObjC" */;
			buildPhases = (
				CA3637261CF3EDB7001ADA3B /* Sources */,
				CA3637271CF3EDB7001ADA3B /* Frameworks */,
				CA3637281CF3EDB7001ADA3B /* CopyFiles */,
			);
			buildRules = (
			);
			dependencies = (
			);
			name = ObjC;
			productName = ObjC;
			productReference = CA36372A1CF3EDB7001ADA3B /* ObjC */;
			productType = "com.apple.product-type.tool";
		};
/* End PBXNativeTarget section */

/* Begin PBXProject section */
		CA3637221CF3EDB7001ADA3B /* Project object */ = {
			isa = PBXProject;
			attributes = {
				LastUpgradeCheck = 0730;
				ORGANIZATIONNAME = SDS;
				TargetAttributes = {
					CA3637291CF3EDB7001ADA3B = {
						CreatedOnToolsVersion = 7.3;
					};
				};
			};
			buildConfigurationList = CA3637251CF3EDB7001ADA3B /* Build configuration list for PBXProject "ObjC" */;
			compatibilityVersion = "Xcode 3.2";
			developmentRegion = English;
			hasScannedForEncodings = 0;
			knownRegions = (
				en,
			);
			mainGroup = CA3637211CF3EDB7001ADA3B;
			productRefGroup = CA36372B1CF3EDB7001ADA3B /* Products */;
			projectDirPath = "";
			projectRoot = "";
			targets = (
				CA3637291CF3EDB7001ADA3B /* ObjC */,
			);
		};
/* End PBXProject section */

/* Begin PBXSourcesBuildPhase section */
		CA3637261CF3EDB7001ADA3B /* Sources */ = {
			isa = PBXSourcesBuildPhase;
			buildActionMask = 2147483647;
			files = (
				CA06BB321CF43F2300D40F8A /* Calculator.m in Sources */,
				CA36372E1CF3EDB7001ADA3B /* main.m in Sources */,
				CAFD8F7F1CF6B3BF00E1B2CF /* ClassC.m in Sources */,
				CAFD8F6D1CF67D9C00E1B2CF /* ClassA.m in Sources */,
				CAFD8F761CF6909700E1B2CF /* Square.m in Sources */,
				CAFD8F821CF6B3CD00E1B2CF /* ClassD.m in Sources */,
				CA06BB2F1CF43E0B00D40F8A /* Fraction.m in Sources */,
				CAFD8F701CF67E0300E1B2CF /* ClassB.m in Sources */,
				CAFD8F731CF68D9100E1B2CF /* Rectangle.m in Sources */,
				CAFD8F7C1CF6991800E1B2CF /* XYPoint.m in Sources */,
			);
			runOnlyForDeploymentPostprocessing = 0;
		};
/* End PBXSourcesBuildPhase section */

/* Begin XCBuildConfiguration section */
		CA36372F1CF3EDB7001ADA3B /* Debug */ = {
			isa = XCBuildConfiguration;
			buildSettings = {
				ALWAYS_SEARCH_USER_PATHS = NO;
				CLANG_ANALYZER_NONNULL = YES;
				CLANG_CXX_LANGUAGE_STANDARD = "gnu++0x";
				CLANG_CXX_LIBRARY = "libc++";
				CLANG_ENABLE_MODULES = YES;
				CLANG_ENABLE_OBJC_ARC = YES;
				CLANG_WARN_BOOL_CONVERSION = YES;
				CLANG_WARN_CONSTANT_CONVERSION = YES;
				CLANG_WARN_DIRECT_OBJC_ISA_USAGE = YES_ERROR;
				CLANG_WARN_EMPTY_BODY = YES;
				CLANG_WARN_ENUM_CONVERSION = YES;
				CLANG_WARN_INT_CONVERSION = YES;
				CLANG_WARN_OBJC_ROOT_CLASS = YES_ERROR;
				CLANG_WARN_UNREACHABLE_CODE = YES;
				CLANG_WARN__DUPLICATE_METHOD_MATCH = YES;
				CODE_SIGN_IDENTITY = "-";
				COPY_PHASE_STRIP = NO;
				DEBUG_INFORMATION_FORMAT = dwarf;
				ENABLE_STRICT_OBJC_MSGSEND = YES;
				ENABLE_TESTABILITY = YES;
				GCC_C_LANGUAGE_STANDARD = gnu99;
				GCC_DYNAMIC_NO_PIC = NO;
				GCC_NO_COMMON_BLOCKS = YES;
				GCC_OPTIMIZATION_LEVEL = 0;
				GCC_PREPROCESSOR_DEFINITIONS = (
					"DEBUG=1",
					"$(inherited)",
				);
				GCC_WARN_64_TO_32_BIT_CONVERSION = YES;
				GCC_WARN_ABOUT_RETURN_TYPE = YES_ERROR;
				GCC_WARN_UNDECLARED_SELECTOR = YES;
				GCC_WARN_UNINITIALIZED_AUTOS = YES_AGGRESSIVE;
				GCC_WARN_UNUSED_FUNCTION = YES;
				GCC_WARN_UNUSED_VARIABLE = YES;
				MACOSX_DEPLOYMENT_TARGET = 10.11;
				MTL_ENABLE_DEBUG_INFO = YES;
				ONLY_ACTIVE_ARCH = YES;
				SDKROOT = macosx;
			};
			name = Debug;
		};
		CA3637301CF3EDB7001ADA3B /* Release */ = {
			isa = XCBuildConfiguration;
			buildSettings = {
				ALWAYS_SEARCH_USER_PATHS = NO;
				CLANG_ANALYZER_NONNULL = YES;
				CLANG_CXX_LANGUAGE_STANDARD = "gnu++0x";
				CLANG_CXX_LIBRARY = "libc++";
				CLANG_ENABLE_MODULES = YES;
				CLANG_ENABLE_OBJC_ARC = YES;
				CLANG_WARN_BOOL_CONVERSION = YES;
				CLANG_WARN_CONSTANT_CONVERSION = YES;
				CLANG_WARN_DIRECT_OBJC_ISA_USAGE = YES_ERROR;
				CLANG_WARN_EMPTY_BODY = YES;
				CLANG_WARN_ENUM_CONVERSION = YES;
				CLANG_WARN_INT_CONVERSION = YES;
				CLANG_WARN_OBJC_ROOT_CLASS = YES_ERROR;
				CLANG_WARN_UNREACHABLE_CODE = YES;
				CLANG_WARN__DUPLICATE_METHOD_MATCH = YES;
				CODE_SIGN_IDENTITY = "-";
				COPY_PHASE_STRIP = NO;
				DEBUG_INFORMATION_FORMAT = "dwarf-with-dsym";
				ENABLE_NS_ASSERTIONS = NO;
				ENABLE_STRICT_OBJC_MSGSEND = YES;
				GCC_C_LANGUAGE_STANDARD = gnu99;
				GCC_NO_COMMON_BLOCKS = YES;
				GCC_WARN_64_TO_32_BIT_CONVERSION = YES;
				GCC_WARN_ABOUT_RETURN_TYPE = YES_ERROR;
				GCC_WARN_UNDECLARED_SELECTOR = YES;
				GCC_WARN_UNINITIALIZED_AUTOS = YES_AGGRESSIVE;
				GCC_WARN_UNUSED_FUNCTION = YES;
				GCC_WARN_UNUSED_VARIABLE = YES;
				MACOSX_DEPLOYMENT_TARGET = 10.11;
				MTL_ENABLE_DEBUG_INFO = NO;
				SDKROOT = macosx;
			};
			name = Release;
		};
		CA3637321CF3EDB7001ADA3B /* Debug */ = {
			isa = XCBuildConfiguration;
			buildSettings = {
				CLANG_ENABLE_OBJC_ARC = NO;
				PRODUCT_NAME = "$(TARGET_NAME)";
			};
			name = Debug;
		};
		CA3637331CF3EDB7001ADA3B /* Release */ = {
			isa = XCBuildConfiguration;
			buildSettings = {
				CLANG_ENABLE_OBJC_ARC = NO;
				PRODUCT_NAME = "$(TARGET_NAME)";
			};
			name = Release;
		};
/* End XCBuildConfiguration section */

/* Begin XCConfigurationList section */
		CA3637251CF3EDB7001ADA3B /* Build configuration list for PBXProject "ObjC" */ = {
			isa = XCConfigurationList;
			buildConfigurations = (
				CA36372F1CF3EDB7001ADA3B /* Debug */,
				CA3637301CF3EDB7001ADA3B /* Release */,
			);
			defaultConfigurationIsVisible = 0;
			defaultConfigurationName = Release;
		};
		CA3637311CF3EDB7001ADA3B /* Build configuration list for PBXNativeTarget "ObjC" */ = {
			isa = XCConfigurationList;
			buildConfigurations = (
				CA3637321CF3EDB7001ADA3B /* Debug */,
				CA3637331CF3EDB7001ADA3B /* Release */,
			);
			defaultConfigurationIsVisible = 0;
			defaultConfigurationName = Release;
		};
/* End XCConfigurationList section */
	};
	rootObject = CA3637221CF3EDB7001ADA3B /* Project object */;
}
